
Microsoft Visual Studio Solution File, Format Version 12.00
# Visual Studio Version 16
VisualStudioVersion = 16.0.31321.278
MinimumVisualStudioVersion = 10.0.40219.1
Project("{F184B08F-C81C-45F6-A57F-5ABD9991F28F}") = "KhoaBlog", "KhoaBlog\KhoaBlog.vbproj", "{C560A777-3503-4D44-8736-A8CCCB6CE313}"
EndProject
Global
	GlobalSection(SolutionConfigurationPlatforms) = preSolution
		Debug|Any CPU = Debug|Any CPU
		Release|Any CPU = Release|Any CPU
	EndGlobalSection
	GlobalSection(ProjectConfigurationPlatforms) = postSolution
		{C560A777-3503-4D44-8736-A8CCCB6CE313}.Debug|Any CPU.ActiveCfg = Debug|Any CPU
		{C560A777-3503-4D44-8736-A8CCCB6CE313}.Debug|Any CPU.Build.0 = Debug|Any CPU
		{C560A777-3503-4D44-8736-A8CCCB6CE313}.Release|Any CPU.ActiveCfg = Release|Any CPU
		{C560A777-3503-4D44-8736-A8CCCB6CE313}.Release|Any CPU.Build.0 = Release|Any CPU
	EndGlobalSection
	GlobalSection(SolutionProperties) = preSolution
		HideSolutionNode = FALSE
	EndGlobalSection
	GlobalSection(ExtensibilityGlobals) = postSolution
		SolutionGuid = {6751C97A-A8D8-4B87-B875-AA0CA0015984}
	EndGlobalSection
EndGlobal
